
Microsoft Visual Studio Solution File, Format Version 12.00
# Visual Studio 15
VisualStudioVersion = 15.0.26124.0
MinimumVisualStudioVersion = 15.0.26124.0
Project("{9A19103F-16F7-4668-BE54-9A1E7A4F7556}") = "draw-string-line-height", "src\draw-string-line-height.csproj", "{3AB5E876-FA06-453F-87A1-50F28EFA016E}"
EndProject
Project("{9A19103F-16F7-4668-BE54-9A1E7A4F7556}") = "tests", "tests\tests.csproj", "{D16CAC9B-697A-4D1B-B72A-8F1CE0166CCE}"
EndProject
Global
	GlobalSection(SolutionConfigurationPlatforms) = preSolution
		Debug|Any CPU = Debug|Any CPU
		Debug|x64 = Debug|x64
		Debug|x86 = Debug|x86
		Release|Any CPU = Release|Any CPU
		Release|x64 = Release|x64
		Release|x86 = Release|x86
	EndGlobalSection
	GlobalSection(SolutionProperties) = preSolution
		HideSolutionNode = FALSE
	EndGlobalSection
	GlobalSection(ProjectConfigurationPlatforms) = postSolution
		{3AB5E876-FA06-453F-87A1-50F28EFA016E}.Debug|Any CPU.ActiveCfg = Debug|Any CPU
		{3AB5E876-FA06-453F-87A1-50F28EFA016E}.Debug|Any CPU.Build.0 = Debug|Any CPU
		{3AB5E876-FA06-453F-87A1-50F28EFA016E}.Debug|x64.ActiveCfg = Debug|Any CPU
		{3AB5E876-FA06-453F-87A1-50F28EFA016E}.Debug|x64.Build.0 = Debug|Any CPU
		{3AB5E876-FA06-453F-87A1-50F28EFA016E}.Debug|x86.ActiveCfg = Debug|Any CPU
		{3AB5E876-FA06-453F-87A1-50F28EFA016E}.Debug|x86.Build.0 = Debug|Any CPU
		{3AB5E876-FA06-453F-87A1-50F28EFA016E}.Release|Any CPU.ActiveCfg = Release|Any CPU
		{3AB5E876-FA06-453F-87A1-50F28EFA016E}.Release|Any CPU.Build.0 = Release|Any CPU
		{3AB5E876-FA06-453F-87A1-50F28EFA016E}.Release|x64.ActiveCfg = Release|Any CPU
		{3AB5E876-FA06-453F-87A1-50F28EFA016E}.Release|x64.Build.0 = Release|Any CPU
		{3AB5E876-FA06-453F-87A1-50F28EFA016E}.Release|x86.ActiveCfg = Release|Any CPU
		{3AB5E876-FA06-453F-87A1-50F28EFA016E}.Release|x86.Build.0 = Release|Any CPU
		{D16CAC9B-697A-4D1B-B72A-8F1CE0166CCE}.Debug|Any CPU.ActiveCfg = Debug|Any CPU
		{D16CAC9B-697A-4D1B-B72A-8F1CE0166CCE}.Debug|Any CPU.Build.0 = Debug|Any CPU
		{D16CAC9B-697A-4D1B-B72A-8F1CE0166CCE}.Debug|x64.ActiveCfg = Debug|Any CPU
		{D16CAC9B-697A-4D1B-B72A-8F1CE0166CCE}.Debug|x64.Build.0 = Debug|Any CPU
		{D16CAC9B-697A-4D1B-B72A-8F1CE0166CCE}.Debug|x86.ActiveCfg = Debug|Any CPU
		{D16CAC9B-697A-4D1B-B72A-8F1CE0166CCE}.Debug|x86.Build.0 = Debug|Any CPU
		{D16CAC9B-697A-4D1B-B72A-8F1CE0166CCE}.Release|Any CPU.ActiveCfg = Release|Any CPU
		{D16CAC9B-697A-4D1B-B72A-8F1CE0166CCE}.Release|Any CPU.Build.0 = Release|Any CPU
		{D16CAC9B-697A-4D1B-B72A-8F1CE0166CCE}.Release|x64.ActiveCfg = Release|Any CPU
		{D16CAC9B-697A-4D1B-B72A-8F1CE0166CCE}.Release|x64.Build.0 = Release|Any CPU
		{D16CAC9B-697A-4D1B-B72A-8F1CE0166CCE}.Release|x86.ActiveCfg = Release|Any CPU
		{D16CAC9B-697A-4D1B-B72A-8F1CE0166CCE}.Release|x86.Build.0 = Release|Any CPU
	EndGlobalSection
EndGlobal
